// !$*UTF8*$!
{
	archiveVersion = 1;
	classes = {
	};
	objectVersion = 46;
	objects = {

/* Begin PBXBuildFile section */
		522580D715BB2CE60002A7F6 /* NSArray+DiscussionBook.m in Sources */ = {isa = PBXBuildFile; fileRef = 522580D615BB2CE60002A7F6 /* NSArray+DiscussionBook.m */; };
		522580DD15BB33400002A7F6 /* FBUser.m in Sources */ = {isa = PBXBuildFile; fileRef = 522580DC15BB33400002A7F6 /* FBUser.m */; };
		522580E015BB35000002A7F6 /* DBRequest.m in Sources */ = {isa = PBXBuildFile; fileRef = 522580DF15BB35000002A7F6 /* DBRequest.m */; };
		5225812315BB568E0002A7F6 /* FBDialog.bundle in Resources */ = {isa = PBXBuildFile; fileRef = 5225811615BB568E0002A7F6 /* FBDialog.bundle */; };
		5225812415BB568E0002A7F6 /* libfacebook_ios_sdk.a in Frameworks */ = {isa = PBXBuildFile; fileRef = 5225811C15BB568E0002A7F6 /* libfacebook_ios_sdk.a */; };
		5225812715BB61C30002A7F6 /* DBFacebookAuthenticationManager.m in Sources */ = {isa = PBXBuildFile; fileRef = 5225812615BB61C20002A7F6 /* DBFacebookAuthenticationManager.m */; };
		529F67F815BA691F00DDD81D /* FBObject.m in Sources */ = {isa = PBXBuildFile; fileRef = 529F67F715BA691F00DDD81D /* FBObject.m */; };
		529F67FB15BA691F00DDD81D /* FBPost.m in Sources */ = {isa = PBXBuildFile; fileRef = 529F67FA15BA691F00DDD81D /* FBPost.m */; };
		529F67FE15BA691F00DDD81D /* FBGroup.m in Sources */ = {isa = PBXBuildFile; fileRef = 529F67FD15BA691F00DDD81D /* FBGroup.m */; };
		52EB7BE715BA3E6800C7E339 /* UIKit.framework in Frameworks */ = {isa = PBXBuildFile; fileRef = 52EB7BE615BA3E6800C7E339 /* UIKit.framework */; };
		52EB7BE915BA3E6800C7E339 /* Foundation.framework in Frameworks */ = {isa = PBXBuildFile; fileRef = 52EB7BE815BA3E6800C7E339 /* Foundation.framework */; };
		52EB7BEB15BA3E6800C7E339 /* CoreGraphics.framework in Frameworks */ = {isa = PBXBuildFile; fileRef = 52EB7BEA15BA3E6800C7E339 /* CoreGraphics.framework */; };
		52EB7BED15BA3E6800C7E339 /* CoreData.framework in Frameworks */ = {isa = PBXBuildFile; fileRef = 52EB7BEC15BA3E6800C7E339 /* CoreData.framework */; };
		52EB7BF315BA3E6800C7E339 /* InfoPlist.strings in Resources */ = {isa = PBXBuildFile; fileRef = 52EB7BF115BA3E6800C7E339 /* InfoPlist.strings */; };
		52EB7BF515BA3E6800C7E339 /* main.m in Sources */ = {isa = PBXBuildFile; fileRef = 52EB7BF415BA3E6800C7E339 /* main.m */; };
		52EB7BF915BA3E6800C7E339 /* DBAppDelegate.m in Sources */ = {isa = PBXBuildFile; fileRef = 52EB7BF815BA3E6800C7E339 /* DBAppDelegate.m */; };
		52EB7BFC15BA3E6800C7E339 /* DiscussionBook.xcdatamodeld in Sources */ = {isa = PBXBuildFile; fileRef = 52EB7BFA15BA3E6800C7E339 /* DiscussionBook.xcdatamodeld */; };
		52EB7C0415BA3E6800C7E339 /* SenTestingKit.framework in Frameworks */ = {isa = PBXBuildFile; fileRef = 52EB7C0315BA3E6800C7E339 /* SenTestingKit.framework */; };
		52EB7C0515BA3E6800C7E339 /* UIKit.framework in Frameworks */ = {isa = PBXBuildFile; fileRef = 52EB7BE615BA3E6800C7E339 /* UIKit.framework */; };
		52EB7C0615BA3E6800C7E339 /* Foundation.framework in Frameworks */ = {isa = PBXBuildFile; fileRef = 52EB7BE815BA3E6800C7E339 /* Foundation.framework */; };
		52EB7C0715BA3E6800C7E339 /* CoreData.framework in Frameworks */ = {isa = PBXBuildFile; fileRef = 52EB7BEC15BA3E6800C7E339 /* CoreData.framework */; };
		52EB7C0F15BA3E6800C7E339 /* InfoPlist.strings in Resources */ = {isa = PBXBuildFile; fileRef = 52EB7C0D15BA3E6800C7E339 /* InfoPlist.strings */; };
		52EB7C1215BA3E6800C7E339 /* DiscussionBookTests.m in Sources */ = {isa = PBXBuildFile; fileRef = 52EB7C1115BA3E6800C7E339 /* DiscussionBookTests.m */; };
		5526636D15BA589600D822D0 /* DBGroupListController.m in Sources */ = {isa = PBXBuildFile; fileRef = 5526636C15BA589600D822D0 /* DBGroupListController.m */; };
		5526637015BA58B600D822D0 /* DBGroupTableViewCell.m in Sources */ = {isa = PBXBuildFile; fileRef = 5526636F15BA58B600D822D0 /* DBGroupTableViewCell.m */; };
		5526637215BA5BD400D822D0 /* DBGroupTableViewCell.xib in Resources */ = {isa = PBXBuildFile; fileRef = 5526637115BA5BD400D822D0 /* DBGroupTableViewCell.xib */; };
		5526639015BB240700D822D0 /* UITableViewCell+DiscussionBook.m in Sources */ = {isa = PBXBuildFile; fileRef = 5526638F15BB240700D822D0 /* UITableViewCell+DiscussionBook.m */; };
		55F2F92115BB24DE0032F6E8 /* DBFetchedResultsController.m in Sources */ = {isa = PBXBuildFile; fileRef = 55F2F92015BB24DE0032F6E8 /* DBFetchedResultsController.m */; };
/* End PBXBuildFile section */

/* Begin PBXContainerItemProxy section */
		52EB7C0815BA3E6800C7E339 /* PBXContainerItemProxy */ = {
			isa = PBXContainerItemProxy;
			containerPortal = 52EB7BD915BA3E6700C7E339 /* Project object */;
			proxyType = 1;
			remoteGlobalIDString = 52EB7BE115BA3E6800C7E339;
			remoteInfo = DiscussionBook;
		};
/* End PBXContainerItemProxy section */

/* Begin PBXFileReference section */
		522580D515BB2CE60002A7F6 /* NSArray+DiscussionBook.h */ = {isa = PBXFileReference; fileEncoding = 4; lastKnownFileType = sourcecode.c.h; path = "NSArray+DiscussionBook.h"; sourceTree = "<group>"; };
		522580D615BB2CE60002A7F6 /* NSArray+DiscussionBook.m */ = {isa = PBXFileReference; fileEncoding = 4; lastKnownFileType = sourcecode.c.objc; path = "NSArray+DiscussionBook.m"; sourceTree = "<group>"; };
		522580DB15BB33400002A7F6 /* FBUser.h */ = {isa = PBXFileReference; fileEncoding = 4; lastKnownFileType = sourcecode.c.h; name = FBUser.h; path = Models/FBUser.h; sourceTree = "<group>"; };
		522580DC15BB33400002A7F6 /* FBUser.m */ = {isa = PBXFileReference; fileEncoding = 4; lastKnownFileType = sourcecode.c.objc; name = FBUser.m; path = Models/FBUser.m; sourceTree = "<group>"; };
		522580DE15BB35000002A7F6 /* DBRequest.h */ = {isa = PBXFileReference; fileEncoding = 4; lastKnownFileType = sourcecode.c.h; path = DBRequest.h; sourceTree = "<group>"; };
		522580DF15BB35000002A7F6 /* DBRequest.m */ = {isa = PBXFileReference; fileEncoding = 4; lastKnownFileType = sourcecode.c.objc; path = DBRequest.m; sourceTree = "<group>"; };
		5225811415BB568E0002A7F6 /* Facebook.h */ = {isa = PBXFileReference; fileEncoding = 4; lastKnownFileType = sourcecode.c.h; path = Facebook.h; sourceTree = "<group>"; };
		5225811515BB568E0002A7F6 /* FBConnect.h */ = {isa = PBXFileReference; fileEncoding = 4; lastKnownFileType = sourcecode.c.h; path = FBConnect.h; sourceTree = "<group>"; };
		5225811615BB568E0002A7F6 /* FBDialog.bundle */ = {isa = PBXFileReference; lastKnownFileType = "wrapper.plug-in"; path = FBDialog.bundle; sourceTree = "<group>"; };
		5225811715BB568E0002A7F6 /* FBDialog.h */ = {isa = PBXFileReference; fileEncoding = 4; lastKnownFileType = sourcecode.c.h; path = FBDialog.h; sourceTree = "<group>"; };
		5225811815BB568E0002A7F6 /* FBFrictionlessRequestSettings.h */ = {isa = PBXFileReference; fileEncoding = 4; lastKnownFileType = sourcecode.c.h; path = FBFrictionlessRequestSettings.h; sourceTree = "<group>"; };
		5225811915BB568E0002A7F6 /* FBLoginDialog.h */ = {isa = PBXFileReference; fileEncoding = 4; lastKnownFileType = sourcecode.c.h; path = FBLoginDialog.h; sourceTree = "<group>"; };
		5225811A15BB568E0002A7F6 /* FBRequest.h */ = {isa = PBXFileReference; fileEncoding = 4; lastKnownFileType = sourcecode.c.h; path = FBRequest.h; sourceTree = "<group>"; };
		5225811B15BB568E0002A7F6 /* JSON.h */ = {isa = PBXFileReference; fileEncoding = 4; lastKnownFileType = sourcecode.c.h; path = JSON.h; sourceTree = "<group>"; };
		5225811C15BB568E0002A7F6 /* libfacebook_ios_sdk.a */ = {isa = PBXFileReference; lastKnownFileType = archive.ar; path = libfacebook_ios_sdk.a; sourceTree = "<group>"; };
		5225811D15BB568E0002A7F6 /* NSObject+SBJSON.h */ = {isa = PBXFileReference; fileEncoding = 4; lastKnownFileType = sourcecode.c.h; path = "NSObject+SBJSON.h"; sourceTree = "<group>"; };
		5225811E15BB568E0002A7F6 /* NSString+SBJSON.h */ = {isa = PBXFileReference; fileEncoding = 4; lastKnownFileType = sourcecode.c.h; path = "NSString+SBJSON.h"; sourceTree = "<group>"; };
		5225811F15BB568E0002A7F6 /* SBJSON.h */ = {isa = PBXFileReference; fileEncoding = 4; lastKnownFileType = sourcecode.c.h; path = SBJSON.h; sourceTree = "<group>"; };
		5225812015BB568E0002A7F6 /* SBJsonBase.h */ = {isa = PBXFileReference; fileEncoding = 4; lastKnownFileType = sourcecode.c.h; path = SBJsonBase.h; sourceTree = "<group>"; };
		5225812115BB568E0002A7F6 /* SBJsonParser.h */ = {isa = PBXFileReference; fileEncoding = 4; lastKnownFileType = sourcecode.c.h; path = SBJsonParser.h; sourceTree = "<group>"; };
		5225812215BB568E0002A7F6 /* SBJsonWriter.h */ = {isa = PBXFileReference; fileEncoding = 4; lastKnownFileType = sourcecode.c.h; path = SBJsonWriter.h; sourceTree = "<group>"; };
		5225812515BB61C20002A7F6 /* DBFacebookAuthenticationManager.h */ = {isa = PBXFileReference; fileEncoding = 4; lastKnownFileType = sourcecode.c.h; path = DBFacebookAuthenticationManager.h; sourceTree = "<group>"; };
		5225812615BB61C20002A7F6 /* DBFacebookAuthenticationManager.m */ = {isa = PBXFileReference; fileEncoding = 4; lastKnownFileType = sourcecode.c.objc; path = DBFacebookAuthenticationManager.m; sourceTree = "<group>"; };
		529F67F615BA691F00DDD81D /* FBObject.h */ = {isa = PBXFileReference; fileEncoding = 4; lastKnownFileType = sourcecode.c.h; name = FBObject.h; path = Models/FBObject.h; sourceTree = "<group>"; };
		529F67F715BA691F00DDD81D /* FBObject.m */ = {isa = PBXFileReference; fileEncoding = 4; lastKnownFileType = sourcecode.c.objc; name = FBObject.m; path = Models/FBObject.m; sourceTree = "<group>"; };
		529F67F915BA691F00DDD81D /* FBPost.h */ = {isa = PBXFileReference; fileEncoding = 4; lastKnownFileType = sourcecode.c.h; name = FBPost.h; path = Models/FBPost.h; sourceTree = "<group>"; };
		529F67FA15BA691F00DDD81D /* FBPost.m */ = {isa = PBXFileReference; fileEncoding = 4; lastKnownFileType = sourcecode.c.objc; name = FBPost.m; path = Models/FBPost.m; sourceTree = "<group>"; };
		529F67FC15BA691F00DDD81D /* FBGroup.h */ = {isa = PBXFileReference; fileEncoding = 4; lastKnownFileType = sourcecode.c.h; name = FBGroup.h; path = Models/FBGroup.h; sourceTree = "<group>"; };
		529F67FD15BA691F00DDD81D /* FBGroup.m */ = {isa = PBXFileReference; fileEncoding = 4; lastKnownFileType = sourcecode.c.objc; name = FBGroup.m; path = Models/FBGroup.m; sourceTree = "<group>"; };
		52EB7BE215BA3E6800C7E339 /* DiscussionBook.app */ = {isa = PBXFileReference; explicitFileType = wrapper.application; includeInIndex = 0; path = DiscussionBook.app; sourceTree = BUILT_PRODUCTS_DIR; };
		52EB7BE615BA3E6800C7E339 /* UIKit.framework */ = {isa = PBXFileReference; lastKnownFileType = wrapper.framework; name = UIKit.framework; path = System/Library/Frameworks/UIKit.framework; sourceTree = SDKROOT; };
		52EB7BE815BA3E6800C7E339 /* Foundation.framework */ = {isa = PBXFileReference; lastKnownFileType = wrapper.framework; name = Foundation.framework; path = System/Library/Frameworks/Foundation.framework; sourceTree = SDKROOT; };
		52EB7BEA15BA3E6800C7E339 /* CoreGraphics.framework */ = {isa = PBXFileReference; lastKnownFileType = wrapper.framework; name = CoreGraphics.framework; path = System/Library/Frameworks/CoreGraphics.framework; sourceTree = SDKROOT; };
		52EB7BEC15BA3E6800C7E339 /* CoreData.framework */ = {isa = PBXFileReference; lastKnownFileType = wrapper.framework; name = CoreData.framework; path = System/Library/Frameworks/CoreData.framework; sourceTree = SDKROOT; };
		52EB7BF015BA3E6800C7E339 /* DiscussionBook-Info.plist */ = {isa = PBXFileReference; lastKnownFileType = text.plist.xml; path = "DiscussionBook-Info.plist"; sourceTree = "<group>"; };
		52EB7BF215BA3E6800C7E339 /* en */ = {isa = PBXFileReference; lastKnownFileType = text.plist.strings; name = en; path = en.lproj/InfoPlist.strings; sourceTree = "<group>"; };
		52EB7BF415BA3E6800C7E339 /* main.m */ = {isa = PBXFileReference; lastKnownFileType = sourcecode.c.objc; path = main.m; sourceTree = "<group>"; };
		52EB7BF615BA3E6800C7E339 /* DiscussionBook-Prefix.pch */ = {isa = PBXFileReference; lastKnownFileType = sourcecode.c.h; path = "DiscussionBook-Prefix.pch"; sourceTree = "<group>"; };
		52EB7BF715BA3E6800C7E339 /* DBAppDelegate.h */ = {isa = PBXFileReference; lastKnownFileType = sourcecode.c.h; path = DBAppDelegate.h; sourceTree = "<group>"; };
		52EB7BF815BA3E6800C7E339 /* DBAppDelegate.m */ = {isa = PBXFileReference; lastKnownFileType = sourcecode.c.objc; path = DBAppDelegate.m; sourceTree = "<group>"; };
		52EB7BFB15BA3E6800C7E339 /* DiscussionBook.xcdatamodel */ = {isa = PBXFileReference; lastKnownFileType = wrapper.xcdatamodel; path = DiscussionBook.xcdatamodel; sourceTree = "<group>"; };
		52EB7C0215BA3E6800C7E339 /* DiscussionBookTests.octest */ = {isa = PBXFileReference; explicitFileType = wrapper.cfbundle; includeInIndex = 0; path = DiscussionBookTests.octest; sourceTree = BUILT_PRODUCTS_DIR; };
		52EB7C0315BA3E6800C7E339 /* SenTestingKit.framework */ = {isa = PBXFileReference; lastKnownFileType = wrapper.framework; name = SenTestingKit.framework; path = Library/Frameworks/SenTestingKit.framework; sourceTree = DEVELOPER_DIR; };
		52EB7C0C15BA3E6800C7E339 /* DiscussionBookTests-Info.plist */ = {isa = PBXFileReference; lastKnownFileType = text.plist.xml; path = "DiscussionBookTests-Info.plist"; sourceTree = "<group>"; };
		52EB7C0E15BA3E6800C7E339 /* en */ = {isa = PBXFileReference; lastKnownFileType = text.plist.strings; name = en; path = en.lproj/InfoPlist.strings; sourceTree = "<group>"; };
		52EB7C1015BA3E6800C7E339 /* DiscussionBookTests.h */ = {isa = PBXFileReference; lastKnownFileType = sourcecode.c.h; path = DiscussionBookTests.h; sourceTree = "<group>"; };
		52EB7C1115BA3E6800C7E339 /* DiscussionBookTests.m */ = {isa = PBXFileReference; lastKnownFileType = sourcecode.c.objc; path = DiscussionBookTests.m; sourceTree = "<group>"; };
		5526636B15BA589600D822D0 /* DBGroupListController.h */ = {isa = PBXFileReference; fileEncoding = 4; lastKnownFileType = sourcecode.c.h; path = DBGroupListController.h; sourceTree = "<group>"; };
		5526636C15BA589600D822D0 /* DBGroupListController.m */ = {isa = PBXFileReference; fileEncoding = 4; lastKnownFileType = sourcecode.c.objc; path = DBGroupListController.m; sourceTree = "<group>"; };
		5526636E15BA58B600D822D0 /* DBGroupTableViewCell.h */ = {isa = PBXFileReference; fileEncoding = 4; lastKnownFileType = sourcecode.c.h; path = DBGroupTableViewCell.h; sourceTree = "<group>"; };
		5526636F15BA58B600D822D0 /* DBGroupTableViewCell.m */ = {isa = PBXFileReference; fileEncoding = 4; lastKnownFileType = sourcecode.c.objc; path = DBGroupTableViewCell.m; sourceTree = "<group>"; };
		5526637115BA5BD400D822D0 /* DBGroupTableViewCell.xib */ = {isa = PBXFileReference; fileEncoding = 4; lastKnownFileType = file.xib; path = DBGroupTableViewCell.xib; sourceTree = "<group>"; };
		5526638E15BB240700D822D0 /* UITableViewCell+DiscussionBook.h */ = {isa = PBXFileReference; fileEncoding = 4; lastKnownFileType = sourcecode.c.h; path = "UITableViewCell+DiscussionBook.h"; sourceTree = "<group>"; };
		5526638F15BB240700D822D0 /* UITableViewCell+DiscussionBook.m */ = {isa = PBXFileReference; fileEncoding = 4; lastKnownFileType = sourcecode.c.objc; path = "UITableViewCell+DiscussionBook.m"; sourceTree = "<group>"; };
		55F2F91F15BB24DE0032F6E8 /* DBFetchedResultsController.h */ = {isa = PBXFileReference; fileEncoding = 4; lastKnownFileType = sourcecode.c.h; path = DBFetchedResultsController.h; sourceTree = "<group>"; };
		55F2F92015BB24DE0032F6E8 /* DBFetchedResultsController.m */ = {isa = PBXFileReference; fileEncoding = 4; lastKnownFileType = sourcecode.c.objc; path = DBFetchedResultsController.m; sourceTree = "<group>"; };
/* End PBXFileReference section */

/* Begin PBXFrameworksBuildPhase section */
		52EB7BDF15BA3E6800C7E339 /* Frameworks */ = {
			isa = PBXFrameworksBuildPhase;
			buildActionMask = 2147483647;
			files = (
				52EB7BE715BA3E6800C7E339 /* UIKit.framework in Frameworks */,
				52EB7BE915BA3E6800C7E339 /* Foundation.framework in Frameworks */,
				52EB7BEB15BA3E6800C7E339 /* CoreGraphics.framework in Frameworks */,
				52EB7BED15BA3E6800C7E339 /* CoreData.framework in Frameworks */,
				5225812415BB568E0002A7F6 /* libfacebook_ios_sdk.a in Frameworks */,
			);
			runOnlyForDeploymentPostprocessing = 0;
		};
		52EB7BFE15BA3E6800C7E339 /* Frameworks */ = {
			isa = PBXFrameworksBuildPhase;
			buildActionMask = 2147483647;
			files = (
				52EB7C0415BA3E6800C7E339 /* SenTestingKit.framework in Frameworks */,
				52EB7C0515BA3E6800C7E339 /* UIKit.framework in Frameworks */,
				52EB7C0615BA3E6800C7E339 /* Foundation.framework in Frameworks */,
				52EB7C0715BA3E6800C7E339 /* CoreData.framework in Frameworks */,
			);
			runOnlyForDeploymentPostprocessing = 0;
		};
/* End PBXFrameworksBuildPhase section */

/* Begin PBXGroup section */
		5225811315BB568E0002A7F6 /* facebook-ios-sdk */ = {
			isa = PBXGroup;
			children = (
				5225811415BB568E0002A7F6 /* Facebook.h */,
				5225811515BB568E0002A7F6 /* FBConnect.h */,
				5225811615BB568E0002A7F6 /* FBDialog.bundle */,
				5225811715BB568E0002A7F6 /* FBDialog.h */,
				5225811815BB568E0002A7F6 /* FBFrictionlessRequestSettings.h */,
				5225811915BB568E0002A7F6 /* FBLoginDialog.h */,
				5225811A15BB568E0002A7F6 /* FBRequest.h */,
				5225811B15BB568E0002A7F6 /* JSON.h */,
				5225811C15BB568E0002A7F6 /* libfacebook_ios_sdk.a */,
				5225811D15BB568E0002A7F6 /* NSObject+SBJSON.h */,
				5225811E15BB568E0002A7F6 /* NSString+SBJSON.h */,
				5225811F15BB568E0002A7F6 /* SBJSON.h */,
				5225812015BB568E0002A7F6 /* SBJsonBase.h */,
				5225812115BB568E0002A7F6 /* SBJsonParser.h */,
				5225812215BB568E0002A7F6 /* SBJsonWriter.h */,
			);
			name = "facebook-ios-sdk";
			path = "FBSDK/lib/facebook-ios-sdk";
			sourceTree = "<group>";
		};
		529F680215BA692700DDD81D /* Models */ = {
			isa = PBXGroup;
			children = (
				522580DB15BB33400002A7F6 /* FBUser.h */,
				522580DC15BB33400002A7F6 /* FBUser.m */,
				529F67FC15BA691F00DDD81D /* FBGroup.h */,
				529F67FD15BA691F00DDD81D /* FBGroup.m */,
				529F67F915BA691F00DDD81D /* FBPost.h */,
				529F67FA15BA691F00DDD81D /* FBPost.m */,
				529F67F615BA691F00DDD81D /* FBObject.h */,
				529F67F715BA691F00DDD81D /* FBObject.m */,
			);
			name = Models;
			sourceTree = "<group>";
		};
		52EB7BD715BA3E6700C7E339 = {
			isa = PBXGroup;
			children = (
				52EB7BEE15BA3E6800C7E339 /* DiscussionBook */,
				52EB7BEF15BA3E6800C7E339 /* Supporting Files */,
				52EB7C0A15BA3E6800C7E339 /* DiscussionBookTests */,
				52EB7BE515BA3E6800C7E339 /* Frameworks */,
				52EB7BE315BA3E6800C7E339 /* Products */,
			);
			sourceTree = "<group>";
		};
		52EB7BE315BA3E6800C7E339 /* Products */ = {
			isa = PBXGroup;
			children = (
				52EB7BE215BA3E6800C7E339 /* DiscussionBook.app */,
				52EB7C0215BA3E6800C7E339 /* DiscussionBookTests.octest */,
			);
			name = Products;
			sourceTree = "<group>";
		};
		52EB7BE515BA3E6800C7E339 /* Frameworks */ = {
			isa = PBXGroup;
			children = (
				52EB7BE615BA3E6800C7E339 /* UIKit.framework */,
				52EB7BE815BA3E6800C7E339 /* Foundation.framework */,
				52EB7BEA15BA3E6800C7E339 /* CoreGraphics.framework */,
				52EB7BEC15BA3E6800C7E339 /* CoreData.framework */,
				52EB7C0315BA3E6800C7E339 /* SenTestingKit.framework */,
			);
			name = Frameworks;
			sourceTree = "<group>";
		};
		52EB7BEE15BA3E6800C7E339 /* DiscussionBook */ = {
			isa = PBXGroup;
			children = (
				52EB7BF715BA3E6800C7E339 /* DBAppDelegate.h */,
				52EB7BF815BA3E6800C7E339 /* DBAppDelegate.m */,
				5526636B15BA589600D822D0 /* DBGroupListController.h */,
				5526636C15BA589600D822D0 /* DBGroupListController.m */,
				5526638E15BB240700D822D0 /* UITableViewCell+DiscussionBook.h */,
				5526638F15BB240700D822D0 /* UITableViewCell+DiscussionBook.m */,
				5526636E15BA58B600D822D0 /* DBGroupTableViewCell.h */,
				5526636F15BA58B600D822D0 /* DBGroupTableViewCell.m */,
				55F2F91F15BB24DE0032F6E8 /* DBFetchedResultsController.h */,
				55F2F92015BB24DE0032F6E8 /* DBFetchedResultsController.m */,
				5526637115BA5BD400D822D0 /* DBGroupTableViewCell.xib */,
				52EB7BFA15BA3E6800C7E339 /* DiscussionBook.xcdatamodeld */,
				529F680215BA692700DDD81D /* Models */,
				522580D515BB2CE60002A7F6 /* NSArray+DiscussionBook.h */,
				522580D615BB2CE60002A7F6 /* NSArray+DiscussionBook.m */,
				522580DE15BB35000002A7F6 /* DBRequest.h */,
				522580DF15BB35000002A7F6 /* DBRequest.m */,
				5225812515BB61C20002A7F6 /* DBFacebookAuthenticationManager.h */,
				5225812615BB61C20002A7F6 /* DBFacebookAuthenticationManager.m */,
			);
			path = DiscussionBook;
			sourceTree = "<group>";
		};
		52EB7BEF15BA3E6800C7E339 /* Supporting Files */ = {
			isa = PBXGroup;
			children = (
				52EB7C2915BA572A00C7E339 /* Vendor */,
				52EB7BF015BA3E6800C7E339 /* DiscussionBook-Info.plist */,
				52EB7BF115BA3E6800C7E339 /* InfoPlist.strings */,
				52EB7BF415BA3E6800C7E339 /* main.m */,
				52EB7BF615BA3E6800C7E339 /* DiscussionBook-Prefix.pch */,
			);
			name = "Supporting Files";
			path = DiscussionBook;
			sourceTree = "<group>";
		};
		52EB7C0A15BA3E6800C7E339 /* DiscussionBookTests */ = {
			isa = PBXGroup;
			children = (
				52EB7C1015BA3E6800C7E339 /* DiscussionBookTests.h */,
				52EB7C1115BA3E6800C7E339 /* DiscussionBookTests.m */,
				52EB7C0B15BA3E6800C7E339 /* Supporting Files */,
			);
			path = DiscussionBookTests;
			sourceTree = "<group>";
		};
		52EB7C0B15BA3E6800C7E339 /* Supporting Files */ = {
			isa = PBXGroup;
			children = (
				52EB7C0C15BA3E6800C7E339 /* DiscussionBookTests-Info.plist */,
				52EB7C0D15BA3E6800C7E339 /* InfoPlist.strings */,
			);
			name = "Supporting Files";
			sourceTree = "<group>";
		};
		52EB7C2915BA572A00C7E339 /* Vendor */ = {
			isa = PBXGroup;
			children = (
				5225811315BB568E0002A7F6 /* facebook-ios-sdk */,
			);
			path = Vendor;
			sourceTree = SOURCE_ROOT;
		};
/* End PBXGroup section */

/* Begin PBXNativeTarget section */
		52EB7BE115BA3E6800C7E339 /* DiscussionBook */ = {
			isa = PBXNativeTarget;
			buildConfigurationList = 52EB7C1515BA3E6800C7E339 /* Build configuration list for PBXNativeTarget "DiscussionBook" */;
			buildPhases = (
				52EB7BDE15BA3E6800C7E339 /* Sources */,
				52EB7BDF15BA3E6800C7E339 /* Frameworks */,
				52EB7BE015BA3E6800C7E339 /* Resources */,
			);
			buildRules = (
			);
			dependencies = (
			);
			name = DiscussionBook;
			productName = DiscussionBook;
			productReference = 52EB7BE215BA3E6800C7E339 /* DiscussionBook.app */;
			productType = "com.apple.product-type.application";
		};
		52EB7C0115BA3E6800C7E339 /* DiscussionBookTests */ = {
			isa = PBXNativeTarget;
			buildConfigurationList = 52EB7C1815BA3E6800C7E339 /* Build configuration list for PBXNativeTarget "DiscussionBookTests" */;
			buildPhases = (
				52EB7BFD15BA3E6800C7E339 /* Sources */,
				52EB7BFE15BA3E6800C7E339 /* Frameworks */,
				52EB7BFF15BA3E6800C7E339 /* Resources */,
				52EB7C0015BA3E6800C7E339 /* ShellScript */,
			);
			buildRules = (
			);
			dependencies = (
				52EB7C0915BA3E6800C7E339 /* PBXTargetDependency */,
			);
			name = DiscussionBookTests;
			productName = DiscussionBookTests;
			productReference = 52EB7C0215BA3E6800C7E339 /* DiscussionBookTests.octest */;
			productType = "com.apple.product-type.bundle";
		};
/* End PBXNativeTarget section */

/* Begin PBXProject section */
		52EB7BD915BA3E6700C7E339 /* Project object */ = {
			isa = PBXProject;
			attributes = {
				CLASSPREFIX = DB;
				LastUpgradeCheck = 0430;
				ORGANIZATIONNAME = "Jacob Relkin";
			};
			buildConfigurationList = 52EB7BDC15BA3E6700C7E339 /* Build configuration list for PBXProject "DiscussionBook" */;
			compatibilityVersion = "Xcode 3.2";
			developmentRegion = English;
			hasScannedForEncodings = 0;
			knownRegions = (
				en,
			);
			mainGroup = 52EB7BD715BA3E6700C7E339;
			productRefGroup = 52EB7BE315BA3E6800C7E339 /* Products */;
			projectDirPath = "";
			projectRoot = "";
			targets = (
				52EB7BE115BA3E6800C7E339 /* DiscussionBook */,
				52EB7C0115BA3E6800C7E339 /* DiscussionBookTests */,
			);
		};
/* End PBXProject section */

/* Begin PBXResourcesBuildPhase section */
		52EB7BE015BA3E6800C7E339 /* Resources */ = {
			isa = PBXResourcesBuildPhase;
			buildActionMask = 2147483647;
			files = (
				52EB7BF315BA3E6800C7E339 /* InfoPlist.strings in Resources */,
				5526637215BA5BD400D822D0 /* DBGroupTableViewCell.xib in Resources */,
				5225812315BB568E0002A7F6 /* FBDialog.bundle in Resources */,
			);
			runOnlyForDeploymentPostprocessing = 0;
		};
		52EB7BFF15BA3E6800C7E339 /* Resources */ = {
			isa = PBXResourcesBuildPhase;
			buildActionMask = 2147483647;
			files = (
				52EB7C0F15BA3E6800C7E339 /* InfoPlist.strings in Resources */,
			);
			runOnlyForDeploymentPostprocessing = 0;
		};
/* End PBXResourcesBuildPhase section */

/* Begin PBXShellScriptBuildPhase section */
		52EB7C0015BA3E6800C7E339 /* ShellScript */ = {
			isa = PBXShellScriptBuildPhase;
			buildActionMask = 2147483647;
			files = (
			);
			inputPaths = (
			);
			outputPaths = (
			);
			runOnlyForDeploymentPostprocessing = 0;
			shellPath = /bin/sh;
			shellScript = "# Run the unit tests in this test bundle.\n\"${SYSTEM_DEVELOPER_DIR}/Tools/RunUnitTests\"\n";
		};
/* End PBXShellScriptBuildPhase section */

/* Begin PBXSourcesBuildPhase section */
		52EB7BDE15BA3E6800C7E339 /* Sources */ = {
			isa = PBXSourcesBuildPhase;
			buildActionMask = 2147483647;
			files = (
				52EB7BF515BA3E6800C7E339 /* main.m in Sources */,
				52EB7BF915BA3E6800C7E339 /* DBAppDelegate.m in Sources */,
				52EB7BFC15BA3E6800C7E339 /* DiscussionBook.xcdatamodeld in Sources */,
				5526636D15BA589600D822D0 /* DBGroupListController.m in Sources */,
				5526637015BA58B600D822D0 /* DBGroupTableViewCell.m in Sources */,
				529F67F815BA691F00DDD81D /* FBObject.m in Sources */,
				529F67FB15BA691F00DDD81D /* FBPost.m in Sources */,
				529F67FE15BA691F00DDD81D /* FBGroup.m in Sources */,
				5526639015BB240700D822D0 /* UITableViewCell+DiscussionBook.m in Sources */,
				55F2F92115BB24DE0032F6E8 /* DBFetchedResultsController.m in Sources */,
				522580D715BB2CE60002A7F6 /* NSArray+DiscussionBook.m in Sources */,
				522580DD15BB33400002A7F6 /* FBUser.m in Sources */,
				522580E015BB35000002A7F6 /* DBRequest.m in Sources */,
				5225812715BB61C30002A7F6 /* DBFacebookAuthenticationManager.m in Sources */,
			);
			runOnlyForDeploymentPostprocessing = 0;
		};
		52EB7BFD15BA3E6800C7E339 /* Sources */ = {
			isa = PBXSourcesBuildPhase;
			buildActionMask = 2147483647;
			files = (
				52EB7C1215BA3E6800C7E339 /* DiscussionBookTests.m in Sources */,
			);
			runOnlyForDeploymentPostprocessing = 0;
		};
/* End PBXSourcesBuildPhase section */

/* Begin PBXTargetDependency section */
		52EB7C0915BA3E6800C7E339 /* PBXTargetDependency */ = {
			isa = PBXTargetDependency;
			target = 52EB7BE115BA3E6800C7E339 /* DiscussionBook */;
			targetProxy = 52EB7C0815BA3E6800C7E339 /* PBXContainerItemProxy */;
		};
/* End PBXTargetDependency section */

/* Begin PBXVariantGroup section */
		52EB7BF115BA3E6800C7E339 /* InfoPlist.strings */ = {
			isa = PBXVariantGroup;
			children = (
				52EB7BF215BA3E6800C7E339 /* en */,
			);
			name = InfoPlist.strings;
			sourceTree = "<group>";
		};
		52EB7C0D15BA3E6800C7E339 /* InfoPlist.strings */ = {
			isa = PBXVariantGroup;
			children = (
				52EB7C0E15BA3E6800C7E339 /* en */,
			);
			name = InfoPlist.strings;
			sourceTree = "<group>";
		};
/* End PBXVariantGroup section */

/* Begin XCBuildConfiguration section */
		52EB7C1315BA3E6800C7E339 /* Debug */ = {
			isa = XCBuildConfiguration;
			buildSettings = {
				ALWAYS_SEARCH_USER_PATHS = NO;
				ARCHS = "$(ARCHS_STANDARD_32_BIT)";
				CLANG_ENABLE_OBJC_ARC = YES;
				"CODE_SIGN_IDENTITY[sdk=iphoneos*]" = "iPhone Developer";
				COPY_PHASE_STRIP = NO;
				GCC_C_LANGUAGE_STANDARD = gnu99;
				GCC_DYNAMIC_NO_PIC = NO;
				GCC_OPTIMIZATION_LEVEL = 0;
				GCC_PREPROCESSOR_DEFINITIONS = (
					"DEBUG=1",
					"$(inherited)",
				);
				GCC_SYMBOLS_PRIVATE_EXTERN = NO;
				GCC_VERSION = com.apple.compilers.llvm.clang.1_0;
				GCC_WARN_ABOUT_RETURN_TYPE = YES;
				GCC_WARN_UNINITIALIZED_AUTOS = YES;
				GCC_WARN_UNUSED_VARIABLE = YES;
				IPHONEOS_DEPLOYMENT_TARGET = 5.1;
				SDKROOT = iphoneos;
				TARGETED_DEVICE_FAMILY = "1,2";
			};
			name = Debug;
		};
		52EB7C1415BA3E6800C7E339 /* Release */ = {
			isa = XCBuildConfiguration;
			buildSettings = {
				ALWAYS_SEARCH_USER_PATHS = NO;
				ARCHS = "$(ARCHS_STANDARD_32_BIT)";
				CLANG_ENABLE_OBJC_ARC = YES;
				"CODE_SIGN_IDENTITY[sdk=iphoneos*]" = "iPhone Developer";
				COPY_PHASE_STRIP = YES;
				GCC_C_LANGUAGE_STANDARD = gnu99;
				GCC_VERSION = com.apple.compilers.llvm.clang.1_0;
				GCC_WARN_ABOUT_RETURN_TYPE = YES;
				GCC_WARN_UNINITIALIZED_AUTOS = YES;
				GCC_WARN_UNUSED_VARIABLE = YES;
				IPHONEOS_DEPLOYMENT_TARGET = 5.1;
				OTHER_CFLAGS = "-DNS_BLOCK_ASSERTIONS=1";
				SDKROOT = iphoneos;
				TARGETED_DEVICE_FAMILY = "1,2";
				VALIDATE_PRODUCT = YES;
			};
			name = Release;
		};
		52EB7C1615BA3E6800C7E339 /* Debug */ = {
			isa = XCBuildConfiguration;
			buildSettings = {
				GCC_PRECOMPILE_PREFIX_HEADER = YES;
				GCC_PREFIX_HEADER = "DiscussionBook/DiscussionBook-Prefix.pch";
				INFOPLIST_FILE = "DiscussionBook/DiscussionBook-Info.plist";
				LIBRARY_SEARCH_PATHS = (
					"$(inherited)",
					"\"$(SRCROOT)/Vendor/FBSDK/lib/facebook-ios-sdk\"",
				);
				PRODUCT_NAME = "$(TARGET_NAME)";
				WRAPPER_EXTENSION = app;
			};
			name = Debug;
		};
		52EB7C1715BA3E6800C7E339 /* Release */ = {
			isa = XCBuildConfiguration;
			buildSettings = {
				GCC_PRECOMPILE_PREFIX_HEADER = YES;
				GCC_PREFIX_HEADER = "DiscussionBook/DiscussionBook-Prefix.pch";
				INFOPLIST_FILE = "DiscussionBook/DiscussionBook-Info.plist";
				LIBRARY_SEARCH_PATHS = (
					"$(inherited)",
					"\"$(SRCROOT)/Vendor/FBSDK/lib/facebook-ios-sdk\"",
				);
				PRODUCT_NAME = "$(TARGET_NAME)";
				WRAPPER_EXTENSION = app;
			};
			name = Release;
		};
		52EB7C1915BA3E6800C7E339 /* Debug */ = {
			isa = XCBuildConfiguration;
			buildSettings = {
				BUNDLE_LOADER = "$(BUILT_PRODUCTS_DIR)/DiscussionBook.app/DiscussionBook";
				FRAMEWORK_SEARCH_PATHS = (
					"$(SDKROOT)/Developer/Library/Frameworks",
					"$(DEVELOPER_LIBRARY_DIR)/Frameworks",
				);
				GCC_PRECOMPILE_PREFIX_HEADER = YES;
				GCC_PREFIX_HEADER = "DiscussionBook/DiscussionBook-Prefix.pch";
				INFOPLIST_FILE = "DiscussionBookTests/DiscussionBookTests-Info.plist";
				PRODUCT_NAME = "$(TARGET_NAME)";
				TEST_HOST = "$(BUNDLE_LOADER)";
				WRAPPER_EXTENSION = octest;
			};
			name = Debug;
		};
		52EB7C1A15BA3E6800C7E339 /* Release */ = {
			isa = XCBuildConfiguration;
			buildSettings = {
				BUNDLE_LOADER = "$(BUILT_PRODUCTS_DIR)/DiscussionBook.app/DiscussionBook";
				FRAMEWORK_SEARCH_PATHS = (
					"$(SDKROOT)/Developer/Library/Frameworks",
					"$(DEVELOPER_LIBRARY_DIR)/Frameworks",
				);
				GCC_PRECOMPILE_PREFIX_HEADER = YES;
				GCC_PREFIX_HEADER = "DiscussionBook/DiscussionBook-Prefix.pch";
				INFOPLIST_FILE = "DiscussionBookTests/DiscussionBookTests-Info.plist";
				PRODUCT_NAME = "$(TARGET_NAME)";
				TEST_HOST = "$(BUNDLE_LOADER)";
				WRAPPER_EXTENSION = octest;
			};
			name = Release;
		};
/* End XCBuildConfiguration section */

/* Begin XCConfigurationList section */
		52EB7BDC15BA3E6700C7E339 /* Build configuration list for PBXProject "DiscussionBook" */ = {
			isa = XCConfigurationList;
			buildConfigurations = (
				52EB7C1315BA3E6800C7E339 /* Debug */,
				52EB7C1415BA3E6800C7E339 /* Release */,
			);
			defaultConfigurationIsVisible = 0;
			defaultConfigurationName = Release;
		};
		52EB7C1515BA3E6800C7E339 /* Build configuration list for PBXNativeTarget "DiscussionBook" */ = {
			isa = XCConfigurationList;
			buildConfigurations = (
				52EB7C1615BA3E6800C7E339 /* Debug */,
				52EB7C1715BA3E6800C7E339 /* Release */,
			);
			defaultConfigurationIsVisible = 0;
			defaultConfigurationName = Release;
		};
		52EB7C1815BA3E6800C7E339 /* Build configuration list for PBXNativeTarget "DiscussionBookTests" */ = {
			isa = XCConfigurationList;
			buildConfigurations = (
				52EB7C1915BA3E6800C7E339 /* Debug */,
				52EB7C1A15BA3E6800C7E339 /* Release */,
			);
			defaultConfigurationIsVisible = 0;
			defaultConfigurationName = Release;
		};
/* End XCConfigurationList section */

/* Begin XCVersionGroup section */
		52EB7BFA15BA3E6800C7E339 /* DiscussionBook.xcdatamodeld */ = {
			isa = XCVersionGroup;
			children = (
				52EB7BFB15BA3E6800C7E339 /* DiscussionBook.xcdatamodel */,
			);
			currentVersion = 52EB7BFB15BA3E6800C7E339 /* DiscussionBook.xcdatamodel */;
			path = DiscussionBook.xcdatamodeld;
			sourceTree = "<group>";
			versionGroupType = wrapper.xcdatamodel;
		};
/* End XCVersionGroup section */
	};
	rootObject = 52EB7BD915BA3E6700C7E339 /* Project object */;
}
